DEPENDENCIES
  base
    path: .
    metadata: true
  papertrail
    git: git://github.com/librato/papertrail-cookbook.git
    revision: cbee6190b5471ce880c819aa8b9bd4dbb15a78ce

GRAPH
  apt (2.7.0)
  base (0.2.7)
    chef-client (>= 0.0.0)
    consul (>= 0.0.0)
    fail2ban (>= 0.0.0)
    firewall (>= 0.0.0)
    git (>= 0.0.0)
    omnibus_updater (>= 0.0.0)
    packagecloud (>= 0.0.0)
    papertrail (>= 0.0.0)
    rsyslog (>= 0.0.0)
    sudo (>= 0.0.0)
    ubuntu (>= 0.0.0)
    ufw (>= 0.0.0)
    user (>= 0.0.0)
  build-essential (2.2.3)
  chef-client (4.3.0)
    cron (>= 1.2.0)
    logrotate (>= 1.2.0)
    windows (~> 1.11)
  chef-provisioning (0.1.2)
    build-essential (>= 0.0.0)
  chef_handler (1.2.0)
  consul (0.9.0)
    chef-provisioning (>= 0.0.0)
    golang (~> 1.4)
    libarchive (>= 0.0.0)
    runit (>= 0.0.0)
    yum-repoforge (>= 0.0.0)
  cron (1.6.1)
  dmg (2.2.2)
  fail2ban (2.2.1)
    yum (~> 3.0)
    yum-epel (>= 0.0.0)
  firewall (1.5.0)
    poise (~> 2.0)
  git (4.2.2)
    build-essential (>= 0.0.0)
    dmg (>= 0.0.0)
    windows (>= 0.0.0)
    yum-epel (>= 0.0.0)
  golang (1.5.1)
  libarchive (0.5.0)
    apt (~> 2.5)
    build-essential (~> 2.0)
  logrotate (1.9.2)
  omnibus_updater (1.0.4)
  packagecloud (0.0.19)
  papertrail (0.0.7)
    rsyslog (>= 0.0.0)
  poise (2.1.0)
  rsyslog (2.0.0)
  runit (1.7.2)
    packagecloud (>= 0.0.0)
  sudo (2.7.1)
  ubuntu (1.1.8)
    apt (>= 0.0.0)
  ufw (0.7.4)
    firewall (>= 0.9.0)
  user (0.4.2)
  windows (1.37.0)
    chef_handler (>= 0.0.0)
  yum (3.6.1)
  yum-epel (0.6.2)
    yum (~> 3.2)
  yum-repoforge (0.5.3)
    yum (~> 3.2)
    yum-epel (>= 0.0.0)
